{
  "name": "example",
  "version": "1.0.0",
  "lockfileVersion": 3,
  "requires": true,
  "packages": {
    "": {
      "name": "example",
      "version": "1.0.0",
      "license": "ISC",
      "dependencies": {
        "@unternet/web-applets-cli": "file:../cli",
        "web-applets": "file:../cli"
      }
    },
    "../cli": {
      "name": "@unternet/web-applets-cli",
      "version": "1.0.0",
      "license": "ISC",
      "dependencies": {
        "yargs": "^17.7.2"
      },
      "bin": {
        "build-applets": "dist/index.js"
      },
      "devDependencies": {
        "@types/node": "^22.7.5",
        "@types/yargs": "^17.0.33",
        "nodemon": "^3.1.7",
        "typescript": "^5.6.2"
      }
    },
    "../sdk": {
      "name": "@unternet/web-applets",
      "version": "0.0.4",
      "extraneous": true,
      "license": "MIT",
      "dependencies": {
        "vite": "^5.4.7"
      },
      "devDependencies": {
        "typescript": "^5.6.2"
      }
    },
    "node_modules/@unternet/web-applets-cli": {
      "resolved": "../cli",
      "link": true
    },
    "node_modules/web-applets": {
      "resolved": "../cli",
      "link": true
    }
  }
}
