{
  "name": "helloworld",
  "version": "1.0.0",
  "lockfileVersion": 3,
  "requires": true,
  "packages": {
    "": {
      "name": "helloworld",
      "version": "1.0.0",
      "license": "ISC",
      "dependencies": {
        "@unternet/web-applets": "file:../../../sdk",
        "web-applets-sdk": "file:../../../sdk"
      }
    },
    "../../../sdk": {
      "name": "@unternet/web-applets",
      "version": "0.0.4",
      "license": "MIT",
      "dependencies": {
        "vite": "^5.4.7"
      },
      "devDependencies": {
        "typescript": "^5.6.2"
      }
    },
    "node_modules/@unternet/web-applets": {
      "resolved": "../../../sdk",
      "link": true
    },
    "node_modules/web-applets-sdk": {
      "resolved": "../../../sdk",
      "link": true
    }
  }
}
